
Microsoft Visual Studio Solution File, Format Version 12.00
# Visual Studio Version 17
VisualStudioVersion = 17.0.31903.59
MinimumVisualStudioVersion = 10.0.40219.1
Project("{FAE04EC0-301F-11D3-BF4B-00C04F79EFBC}") = "ConsoleApp3", "ConsoleApp3\ConsoleApp3.csproj", "{CDC4FEB9-C43D-4CA5-9DB8-026FA33286F4}"
EndProject
Global
	GlobalSection(SolutionConfigurationPlatforms) = preSolution
		Debug|Any CPU = Debug|Any CPU
		Release|Any CPU = Release|Any CPU
	EndGlobalSection
	GlobalSection(ProjectConfigurationPlatforms) = postSolution
		{CDC4FEB9-C43D-4CA5-9DB8-026FA33286F4}.Debug|Any CPU.ActiveCfg = Debug|Any CPU
		{CDC4FEB9-C43D-4CA5-9DB8-026FA33286F4}.Debug|Any CPU.Build.0 = Debug|Any CPU
		{CDC4FEB9-C43D-4CA5-9DB8-026FA33286F4}.Release|Any CPU.ActiveCfg = Release|Any CPU
		{CDC4FEB9-C43D-4CA5-9DB8-026FA33286F4}.Release|Any CPU.Build.0 = Release|Any CPU
	EndGlobalSection
	GlobalSection(SolutionProperties) = preSolution
		HideSolutionNode = FALSE
	EndGlobalSection
	GlobalSection(ExtensibilityGlobals) = postSolution
		SolutionGuid = {D5DF7FC7-96CC-4814-BCB4-48751768388C}
	EndGlobalSection
EndGlobal
